// !$*UTF8*$!
{
	archiveVersion = 1;
	classes = {
	};
	objectVersion = 46;
	objects = {

/* Begin PBXBuildFile section */
		4F2F00D70C98E85CBA210436 /* Persistence.swift in Sources */ = {isa = PBXBuildFile; fileRef = 4F2F084B9C31542D84C3ECAF /* Persistence.swift */; };
		4F2F01780E94AA89B36E171B /* StormWeaver.xcdatamodeld in Sources */ = {isa = PBXBuildFile; fileRef = 4F2F08E0B150A7578E556B14 /* StormWeaver.xcdatamodeld */; };
		4F2F027535170A811F031F02 /* Preview Assets.xcassets in Resources */ = {isa = PBXBuildFile; fileRef = 4F2F02CDDE41778D9CBCE621 /* Preview Assets.xcassets */; };
		4F2F0961202E8126DA3C0115 /* StormWeaverTests.swift in Sources */ = {isa = PBXBuildFile; fileRef = 4F2F07E8DCD0B4A0E696A296 /* StormWeaverTests.swift */; };
		4F2F09F7E02C42252DDEDFD3 /* StormWeaverApp.swift in Sources */ = {isa = PBXBuildFile; fileRef = 4F2F07D4EF5181FC99E8E4EA /* StormWeaverApp.swift */; };
		4F2F0B4932DCE3D5FB43D1D2 /* ContentView.swift in Sources */ = {isa = PBXBuildFile; fileRef = 4F2F06CDFCF3B1BA9145723D /* ContentView.swift */; };
		4F2F0B593E74847C0669895D /* Assets.xcassets in Resources */ = {isa = PBXBuildFile; fileRef = 4F2F05E9A872AB4D5E515165 /* Assets.xcassets */; };
		4F2F0BA6BBEE3E557F9F9DDA /* StormWeaverUITests.swift in Sources */ = {isa = PBXBuildFile; fileRef = 4F2F0B6B1B24CA025DA3931E /* StormWeaverUITests.swift */; };
		4F2F0E084735B5074F30CB45 /* StormWeaverUITestsLaunchTests.swift in Sources */ = {isa = PBXBuildFile; fileRef = 4F2F0020ADAF6981018652A7 /* StormWeaverUITestsLaunchTests.swift */; };
/* End PBXBuildFile section */

/* Begin PBXContainerItemProxy section */
		4F2F0917B46E0364D8BDB40C /* PBXContainerItemProxy */ = {
			isa = PBXContainerItemProxy;
			containerPortal = 4F2F0FBF06B8092A8F1E33F8 /* Project object */;
			proxyType = 1;
			remoteGlobalIDString = 4F2F06236FF7301F9A2B5D83;
			remoteInfo = StormWeaver;
		};
		4F2F092BCF841E4B809A5A66 /* PBXContainerItemProxy */ = {
			isa = PBXContainerItemProxy;
			containerPortal = 4F2F0FBF06B8092A8F1E33F8 /* Project object */;
			proxyType = 1;
			remoteGlobalIDString = 4F2F06236FF7301F9A2B5D83;
			remoteInfo = StormWeaver;
		};
/* End PBXContainerItemProxy section */

/* Begin PBXFileReference section */
		4F2F0020ADAF6981018652A7 /* StormWeaverUITestsLaunchTests.swift */ = {isa = PBXFileReference; lastKnownFileType = sourcecode.swift; path = StormWeaverUITestsLaunchTests.swift; sourceTree = "<group>"; };
		4F2F02CDDE41778D9CBCE621 /* Preview Assets.xcassets */ = {isa = PBXFileReference; lastKnownFileType = folder.assetcatalog; path = "Preview Assets.xcassets"; sourceTree = "<group>"; };
		4F2F05E9A872AB4D5E515165 /* Assets.xcassets */ = {isa = PBXFileReference; lastKnownFileType = folder.assetcatalog; path = Assets.xcassets; sourceTree = "<group>"; };
		4F2F06CDFCF3B1BA9145723D /* ContentView.swift */ = {isa = PBXFileReference; lastKnownFileType = sourcecode.swift; path = ContentView.swift; sourceTree = "<group>"; };
		4F2F07D4EF5181FC99E8E4EA /* StormWeaverApp.swift */ = {isa = PBXFileReference; lastKnownFileType = sourcecode.swift; path = StormWeaverApp.swift; sourceTree = "<group>"; };
		4F2F07E8DCD0B4A0E696A296 /* StormWeaverTests.swift */ = {isa = PBXFileReference; lastKnownFileType = sourcecode.swift; path = StormWeaverTests.swift; sourceTree = "<group>"; };
		4F2F084B9C31542D84C3ECAF /* Persistence.swift */ = {isa = PBXFileReference; lastKnownFileType = sourcecode.swift; path = Persistence.swift; sourceTree = "<group>"; };
		4F2F0855158F74660879D0DC /* StormWeaver.xcdatamodel */ = {isa = PBXFileReference; lastKnownFileType = wrapper.xcdatamodel; path = StormWeaver.xcdatamodel; sourceTree = "<group>"; };
		4F2F0B6B1B24CA025DA3931E /* StormWeaverUITests.swift */ = {isa = PBXFileReference; lastKnownFileType = sourcecode.swift; path = StormWeaverUITests.swift; sourceTree = "<group>"; };
		4F2F0D039E6FE2B56A767BB5 /* StormWeaver.entitlements */ = {isa = PBXFileReference; lastKnownFileType = text.plist.entitlements; path = StormWeaver.entitlements; sourceTree = "<group>"; };
/* End PBXFileReference section */

/* Begin PBXFrameworksBuildPhase section */
		4F2F06F50CA37FEDD4646EFF /* Frameworks */ = {
			isa = PBXFrameworksBuildPhase;
			buildActionMask = 2147483647;
			files = (
			);
			runOnlyForDeploymentPostprocessing = 0;
		};
		4F2F09FDAED86112587CCC6C /* Frameworks */ = {
			isa = PBXFrameworksBuildPhase;
			buildActionMask = 2147483647;
			files = (
			);
			runOnlyForDeploymentPostprocessing = 0;
		};
		4F2F0FC981C24872E9B13BBA /* Frameworks */ = {
			isa = PBXFrameworksBuildPhase;
			buildActionMask = 2147483647;
			files = (
			);
			runOnlyForDeploymentPostprocessing = 0;
		};
/* End PBXFrameworksBuildPhase section */

/* Begin PBXGroup section */
		4F2F00DE9BCBBDD5C7DA4542 /* Products */ = {
			isa = PBXGroup;
			children = (
			);
			name = Products;
			sourceTree = "<group>";
		};
		4F2F01B05CB3A13BA5892E5E = {
			isa = PBXGroup;
			children = (
				4F2F00DE9BCBBDD5C7DA4542 /* Products */,
				4F2F07241F94DBEE800CA88C /* StormWeaver */,
				4F2F087721D516F00BACB766 /* StormWeaverTests */,
				4F2F04327376151495CC9990 /* StormWeaverUITests */,
			);
			sourceTree = "<group>";
		};
		4F2F0315A3B5B74EAA53750C /* Preview Content */ = {
			isa = PBXGroup;
			children = (
				4F2F02CDDE41778D9CBCE621 /* Preview Assets.xcassets */,
			);
			path = "Preview Content";
			sourceTree = "<group>";
		};
		4F2F04327376151495CC9990 /* StormWeaverUITests */ = {
			isa = PBXGroup;
			children = (
				4F2F0B6B1B24CA025DA3931E /* StormWeaverUITests.swift */,
				4F2F0020ADAF6981018652A7 /* StormWeaverUITestsLaunchTests.swift */,
			);
			path = StormWeaverUITests;
			sourceTree = "<group>";
		};
		4F2F07241F94DBEE800CA88C /* StormWeaver */ = {
			isa = PBXGroup;
			children = (
				4F2F05E9A872AB4D5E515165 /* Assets.xcassets */,
				4F2F0315A3B5B74EAA53750C /* Preview Content */,
				4F2F07D4EF5181FC99E8E4EA /* StormWeaverApp.swift */,
				4F2F084B9C31542D84C3ECAF /* Persistence.swift */,
				4F2F08E0B150A7578E556B14 /* StormWeaver.xcdatamodeld */,
				4F2F06CDFCF3B1BA9145723D /* ContentView.swift */,
				4F2F0D039E6FE2B56A767BB5 /* StormWeaver.entitlements */,
			);
			path = StormWeaver;
			sourceTree = "<group>";
		};
		4F2F087721D516F00BACB766 /* StormWeaverTests */ = {
			isa = PBXGroup;
			children = (
				4F2F07E8DCD0B4A0E696A296 /* StormWeaverTests.swift */,
			);
			path = StormWeaverTests;
			sourceTree = "<group>";
		};
/* End PBXGroup section */

/* Begin PBXNativeTarget section */
		4F2F04EDBC25FD7D68A54EBD /* StormWeaverTests */ = {
			isa = PBXNativeTarget;
			buildConfigurationList = 4F2F0D69CDFB86F1D2BE7959 /* Build configuration list for PBXNativeTarget "StormWeaverTests" */;
			buildPhases = (
				4F2F06490940340EF7070E9F /* Sources */,
				4F2F06F50CA37FEDD4646EFF /* Frameworks */,
				4F2F0232BA9DBEB2EF560712 /* Resources */,
			);
			buildRules = (
			);
			dependencies = (
				4F2F0371C11B1A262046FEE4 /* PBXTargetDependency */,
			);
			name = StormWeaverTests;
			productName = StormWeaverTests;
			productType = "com.apple.product-type.bundle.unit-test";
		};
		4F2F04F882FE0DB0FA671E31 /* StormWeaverUITests */ = {
			isa = PBXNativeTarget;
			buildConfigurationList = 4F2F018EBBC6C56904D56CAB /* Build configuration list for PBXNativeTarget "StormWeaverUITests" */;
			buildPhases = (
				4F2F0DBDBEAE4FDAD1C4A8C2 /* Sources */,
				4F2F0FC981C24872E9B13BBA /* Frameworks */,
				4F2F0F511EE15EDF63FE269D /* Resources */,
			);
			buildRules = (
			);
			dependencies = (
				4F2F001CA071CC8E12D25101 /* PBXTargetDependency */,
			);
			name = StormWeaverUITests;
			productName = StormWeaverUITests;
			productType = "com.apple.product-type.bundle.ui-testing";
		};
		4F2F06236FF7301F9A2B5D83 /* StormWeaver */ = {
			isa = PBXNativeTarget;
			buildConfigurationList = 4F2F0FAC65614FE658FF3851 /* Build configuration list for PBXNativeTarget "StormWeaver" */;
			buildPhases = (
				4F2F0A1B7C14C13676CD846D /* Sources */,
				4F2F09FDAED86112587CCC6C /* Frameworks */,
				4F2F0E41157A2F6C973B0887 /* Resources */,
			);
			buildRules = (
			);
			dependencies = (
			);
			name = StormWeaver;
			productName = StormWeaver;
			productType = "com.apple.product-type.application";
		};
/* End PBXNativeTarget section */

/* Begin PBXProject section */
		4F2F0FBF06B8092A8F1E33F8 /* Project object */ = {
			isa = PBXProject;
			attributes = {
				CLASSPREFIX = StormWeaver;
				ORGANIZATIONNAME = vn.baodh;
			};
			buildConfigurationList = 4F2F0A43A475F24CF347B873 /* Build configuration list for PBXProject "StormWeaver" */;
			compatibilityVersion = "Xcode 3.2";
			developmentRegion = English;
			hasScannedForEncodings = 0;
			knownRegions = (
				en,
			);
			mainGroup = 4F2F01B05CB3A13BA5892E5E;
			productRefGroup = 4F2F00DE9BCBBDD5C7DA4542 /* Products */;
			projectDirPath = "";
			projectRoot = "";
			targets = (
				4F2F06236FF7301F9A2B5D83 /* StormWeaver */,
				4F2F04EDBC25FD7D68A54EBD /* StormWeaverTests */,
				4F2F04F882FE0DB0FA671E31 /* StormWeaverUITests */,
			);
		};
/* End PBXProject section */

/* Begin PBXResourcesBuildPhase section */
		4F2F0232BA9DBEB2EF560712 /* Resources */ = {
			isa = PBXResourcesBuildPhase;
			buildActionMask = 2147483647;
			files = (
			);
			runOnlyForDeploymentPostprocessing = 0;
		};
		4F2F0E41157A2F6C973B0887 /* Resources */ = {
			isa = PBXResourcesBuildPhase;
			buildActionMask = 2147483647;
			files = (
				4F2F0B593E74847C0669895D /* Assets.xcassets in Resources */,
				4F2F027535170A811F031F02 /* Preview Assets.xcassets in Resources */,
			);
			runOnlyForDeploymentPostprocessing = 0;
		};
		4F2F0F511EE15EDF63FE269D /* Resources */ = {
			isa = PBXResourcesBuildPhase;
			buildActionMask = 2147483647;
			files = (
			);
			runOnlyForDeploymentPostprocessing = 0;
		};
/* End PBXResourcesBuildPhase section */

/* Begin PBXSourcesBuildPhase section */
		4F2F06490940340EF7070E9F /* Sources */ = {
			isa = PBXSourcesBuildPhase;
			buildActionMask = 2147483647;
			files = (
				4F2F0961202E8126DA3C0115 /* StormWeaverTests.swift in Sources */,
			);
			runOnlyForDeploymentPostprocessing = 0;
		};
		4F2F0A1B7C14C13676CD846D /* Sources */ = {
			isa = PBXSourcesBuildPhase;
			buildActionMask = 2147483647;
			files = (
				4F2F09F7E02C42252DDEDFD3 /* StormWeaverApp.swift in Sources */,
				4F2F00D70C98E85CBA210436 /* Persistence.swift in Sources */,
				4F2F01780E94AA89B36E171B /* StormWeaver.xcdatamodeld in Sources */,
				4F2F0B4932DCE3D5FB43D1D2 /* ContentView.swift in Sources */,
			);
			runOnlyForDeploymentPostprocessing = 0;
		};
		4F2F0DBDBEAE4FDAD1C4A8C2 /* Sources */ = {
			isa = PBXSourcesBuildPhase;
			buildActionMask = 2147483647;
			files = (
				4F2F0BA6BBEE3E557F9F9DDA /* StormWeaverUITests.swift in Sources */,
				4F2F0E084735B5074F30CB45 /* StormWeaverUITestsLaunchTests.swift in Sources */,
			);
			runOnlyForDeploymentPostprocessing = 0;
		};
/* End PBXSourcesBuildPhase section */

/* Begin PBXTargetDependency section */
		4F2F001CA071CC8E12D25101 /* PBXTargetDependency */ = {
			isa = PBXTargetDependency;
			target = 4F2F06236FF7301F9A2B5D83 /* StormWeaver */;
			targetProxy = 4F2F092BCF841E4B809A5A66 /* PBXContainerItemProxy */;
		};
		4F2F0371C11B1A262046FEE4 /* PBXTargetDependency */ = {
			isa = PBXTargetDependency;
			target = 4F2F06236FF7301F9A2B5D83 /* StormWeaver */;
			targetProxy = 4F2F0917B46E0364D8BDB40C /* PBXContainerItemProxy */;
		};
/* End PBXTargetDependency section */

/* Begin XCBuildConfiguration section */
		4F2F007B5F144EA841FBCD8F /* Release */ = {
			isa = XCBuildConfiguration;
			buildSettings = {
				CURRENT_PROJECT_VERSION = 1;
				GENERATE_INFOPLIST_FILE = YES;
				IPHONEOS_DEPLOYMENT_TARGET = latest_iphoneos;
				MACOSX_DEPLOYMENT_TARGET = 13.4;
				MARKETING_VERSION = 1.0;
				PRODUCT_BUNDLE_IDENTIFIER = vn.baodh.StormWeaverTests;
				PRODUCT_NAME = "$(TARGET_NAME)";
				SDKROOT = macosx;
				SUPPORTED_PLATFORMS = "iphoneos iphonesimulator macosx";
				SWIFT_EMIT_LOC_STRINGS = NO;
				SWIFT_VERSION = 5.0;
				TARGETED_DEVICE_FAMILY = "1,2";
			};
			name = Release;
		};
		4F2F00AB3C082173882BD80E /* Debug */ = {
			isa = XCBuildConfiguration;
			buildSettings = {
				CURRENT_PROJECT_VERSION = 1;
				GENERATE_INFOPLIST_FILE = YES;
				IPHONEOS_DEPLOYMENT_TARGET = latest_iphoneos;
				MACOSX_DEPLOYMENT_TARGET = 13.4;
				MARKETING_VERSION = 1.0;
				PRODUCT_BUNDLE_IDENTIFIER = vn.baodh.StormWeaverUITests;
				PRODUCT_NAME = "$(TARGET_NAME)";
				SDKROOT = macosx;
				SUPPORTED_PLATFORMS = "iphoneos iphonesimulator macosx";
				SWIFT_EMIT_LOC_STRINGS = NO;
				SWIFT_VERSION = 5.0;
				TARGETED_DEVICE_FAMILY = "1,2";
				TEST_TARGET_NAME = StormWeaver;
			};
			name = Debug;
		};
		4F2F03CA471CF24CB7B2CFC8 /* Release */ = {
			isa = XCBuildConfiguration;
			buildSettings = {
				CURRENT_PROJECT_VERSION = 1;
				GENERATE_INFOPLIST_FILE = YES;
				IPHONEOS_DEPLOYMENT_TARGET = latest_iphoneos;
				MACOSX_DEPLOYMENT_TARGET = 13.4;
				MARKETING_VERSION = 1.0;
				PRODUCT_BUNDLE_IDENTIFIER = vn.baodh.StormWeaverUITests;
				PRODUCT_NAME = "$(TARGET_NAME)";
				SDKROOT = macosx;
				SUPPORTED_PLATFORMS = "iphoneos iphonesimulator macosx";
				SWIFT_EMIT_LOC_STRINGS = NO;
				SWIFT_VERSION = 5.0;
				TARGETED_DEVICE_FAMILY = "1,2";
				TEST_TARGET_NAME = StormWeaver;
			};
			name = Release;
		};
		4F2F053D792443F0BFA34FB1 /* Debug */ = {
			isa = XCBuildConfiguration;
			buildSettings = {
				ASSETCATALOG_COMPILER_APPICON_NAME = AppIcon;
				ASSETCATALOG_COMPILER_GLOBAL_ACCENT_COLOR_NAME = AccentColor;
				CODE_SIGN_ENTITLEMENTS = StormWeaver/StormWeaver.entitlements;
				CURRENT_PROJECT_VERSION = 1;
				DEVELOPMENT_ASSET_PATHS = "\"StormWeaver/Preview Content\"";
				ENABLE_PREVIEWS = YES;
				GENERATE_INFOPLIST_FILE = YES;
				"INFOPLIST_KEY_UIApplicationSceneManifest_Generation[sdk=iphoneos*]" = YES;
				"INFOPLIST_KEY_UIApplicationSceneManifest_Generation[sdk=iphonesimulator*]" = YES;
				"INFOPLIST_KEY_UIApplicationSupportsIndirectInputEvents[sdk=iphoneos*]" = YES;
				"INFOPLIST_KEY_UIApplicationSupportsIndirectInputEvents[sdk=iphonesimulator*]" = YES;
				"INFOPLIST_KEY_UILaunchScreen_Generation[sdk=iphoneos*]" = YES;
				"INFOPLIST_KEY_UILaunchScreen_Generation[sdk=iphonesimulator*]" = YES;
				"INFOPLIST_KEY_UIStatusBarStyle[sdk=iphoneos*]" = UIStatusBarStyleDefault;
				"INFOPLIST_KEY_UIStatusBarStyle[sdk=iphonesimulator*]" = UIStatusBarStyleDefault;
				INFOPLIST_KEY_UISupportedInterfaceOrientations_iPad = "UIInterfaceOrientationPortrait UIInterfaceOrientationPortraitUpsideDown UIInterfaceOrientationLandscapeLeft UIInterfaceOrientationLandscapeRight";
				INFOPLIST_KEY_UISupportedInterfaceOrientations_iPhone = "UIInterfaceOrientationPortrait UIInterfaceOrientationLandscapeLeft UIInterfaceOrientationLandscapeRight";
				IPHONEOS_DEPLOYMENT_TARGET = latest_iphoneos;
				LD_RUNPATH_SEARCH_PATHS = "@executable_path/Frameworks";
				"LD_RUNPATH_SEARCH_PATHS[sdk=macosx*]" = "@executable_path/../Frameworks";
				MACOSX_DEPLOYMENT_TARGET = 13.3;
				MARKETING_VERSION = 1.0;
				PRODUCT_BUNDLE_IDENTIFIER = vn.baodh.StormWeaver;
				PRODUCT_NAME = "$(TARGET_NAME)";
				SDKROOT = macosx;
				SUPPORTED_PLATFORMS = "iphoneos iphonesimulator macosx";
				SWIFT_EMIT_LOC_STRINGS = YES;
				SWIFT_VERSION = 5.0;
				TARGETED_DEVICE_FAMILY = "1,2";
			};
			name = Debug;
		};
		4F2F0831BF04589C9EC54E8A /* Release */ = {
			isa = XCBuildConfiguration;
			buildSettings = {
				ASSETCATALOG_COMPILER_APPICON_NAME = AppIcon;
				ASSETCATALOG_COMPILER_GLOBAL_ACCENT_COLOR_NAME = AccentColor;
				CODE_SIGN_ENTITLEMENTS = StormWeaver/StormWeaver.entitlements;
				CURRENT_PROJECT_VERSION = 1;
				DEVELOPMENT_ASSET_PATHS = "\"StormWeaver/Preview Content\"";
				ENABLE_PREVIEWS = YES;
				GENERATE_INFOPLIST_FILE = YES;
				"INFOPLIST_KEY_UIApplicationSceneManifest_Generation[sdk=iphoneos*]" = YES;
				"INFOPLIST_KEY_UIApplicationSceneManifest_Generation[sdk=iphonesimulator*]" = YES;
				"INFOPLIST_KEY_UIApplicationSupportsIndirectInputEvents[sdk=iphoneos*]" = YES;
				"INFOPLIST_KEY_UIApplicationSupportsIndirectInputEvents[sdk=iphonesimulator*]" = YES;
				"INFOPLIST_KEY_UILaunchScreen_Generation[sdk=iphoneos*]" = YES;
				"INFOPLIST_KEY_UILaunchScreen_Generation[sdk=iphonesimulator*]" = YES;
				"INFOPLIST_KEY_UIStatusBarStyle[sdk=iphoneos*]" = UIStatusBarStyleDefault;
				"INFOPLIST_KEY_UIStatusBarStyle[sdk=iphonesimulator*]" = UIStatusBarStyleDefault;
				INFOPLIST_KEY_UISupportedInterfaceOrientations_iPad = "UIInterfaceOrientationPortrait UIInterfaceOrientationPortraitUpsideDown UIInterfaceOrientationLandscapeLeft UIInterfaceOrientationLandscapeRight";
				INFOPLIST_KEY_UISupportedInterfaceOrientations_iPhone = "UIInterfaceOrientationPortrait UIInterfaceOrientationLandscapeLeft UIInterfaceOrientationLandscapeRight";
				IPHONEOS_DEPLOYMENT_TARGET = latest_iphoneos;
				LD_RUNPATH_SEARCH_PATHS = "@executable_path/Frameworks";
				"LD_RUNPATH_SEARCH_PATHS[sdk=macosx*]" = "@executable_path/../Frameworks";
				MACOSX_DEPLOYMENT_TARGET = 13.3;
				MARKETING_VERSION = 1.0;
				PRODUCT_BUNDLE_IDENTIFIER = vn.baodh.StormWeaver;
				PRODUCT_NAME = "$(TARGET_NAME)";
				SDKROOT = macosx;
				SUPPORTED_PLATFORMS = "iphoneos iphonesimulator macosx";
				SWIFT_EMIT_LOC_STRINGS = YES;
				SWIFT_VERSION = 5.0;
				TARGETED_DEVICE_FAMILY = "1,2";
			};
			name = Release;
		};
		4F2F08B20B955CC83A59CDAA /* Debug */ = {
			isa = XCBuildConfiguration;
			buildSettings = {
				ALLOW_TARGET_PLATFORM_SPECIALIZATION = YES;
				ALWAYS_SEARCH_USER_PATHS = NO;
				BUILD_LIBRARY_FOR_DISTRIBUTION = YES;
				CLANG_ANALYZER_NONNULL = YES;
				CLANG_ANALYZER_NUMBER_OBJECT_CONVERSION = YES_AGGRESSIVE;
				CLANG_CXX_LANGUAGE_STANDARD = "gnu++20";
				CLANG_ENABLE_MODULES = YES;
				CLANG_ENABLE_OBJC_ARC = YES;
				CLANG_ENABLE_OBJC_WEAK = YES;
				CLANG_WARN_BLOCK_CAPTURE_AUTORELEASING = YES;
				CLANG_WARN_BOOL_CONVERSION = YES;
				CLANG_WARN_COMMA = YES;
				CLANG_WARN_CONSTANT_CONVERSION = YES;
				CLANG_WARN_DEPRECATED_OBJC_IMPLEMENTATIONS = YES;
				CLANG_WARN_DIRECT_OBJC_ISA_USAGE = YES_ERROR;
				CLANG_WARN_DOCUMENTATION_COMMENTS = YES;
				CLANG_WARN_EMPTY_BODY = YES;
				CLANG_WARN_ENUM_CONVERSION = YES;
				CLANG_WARN_INFINITE_RECURSION = YES;
				CLANG_WARN_INT_CONVERSION = YES;
				CLANG_WARN_NON_LITERAL_NULL_CONVERSION = YES;
				CLANG_WARN_OBJC_IMPLICIT_RETAIN_SELF = YES;
				CLANG_WARN_OBJC_LITERAL_CONVERSION = YES;
				CLANG_WARN_OBJC_ROOT_CLASS = YES_ERROR;
				CLANG_WARN_QUOTED_INCLUDE_IN_FRAMEWORK_HEADER = YES;
				CLANG_WARN_RANGE_LOOP_ANALYSIS = YES;
				CLANG_WARN_STRICT_PROTOTYPES = YES;
				CLANG_WARN_SUSPICIOUS_MOVE = YES;
				CLANG_WARN_UNGUARDED_AVAILABILITY = YES_AGGRESSIVE;
				CLANG_WARN_UNREACHABLE_CODE = YES;
				CLANG_WARN__DUPLICATE_METHOD_MATCH = YES;
				COPY_PHASE_STRIP = NO;
				DEBUG_INFORMATION_FORMAT = dwarf;
				ENABLE_STRICT_OBJC_MSGSEND = YES;
				ENABLE_TESTABILITY = YES;
				GCC_C_LANGUAGE_STANDARD = gnu11;
				GCC_DYNAMIC_NO_PIC = NO;
				GCC_NO_COMMON_BLOCKS = YES;
				GCC_OPTIMIZATION_LEVEL = 0;
				GCC_PREPROCESSOR_DEFINITIONS = (
					"DEBUG=1",
					"$(inherited)",
				);
				GCC_WARN_64_TO_32_BIT_CONVERSION = YES;
				GCC_WARN_ABOUT_RETURN_TYPE = YES_ERROR;
				GCC_WARN_UNDECLARED_SELECTOR = YES;
				GCC_WARN_UNINITIALIZED_AUTOS = YES_AGGRESSIVE;
				GCC_WARN_UNUSED_FUNCTION = YES;
				GCC_WARN_UNUSED_VARIABLE = YES;
				MTL_ENABLE_DEBUG_INFO = INCLUDE_SOURCE;
				MTL_FAST_MATH = YES;
				ONLY_ACTIVE_ARCH = YES;
				SWIFT_ACTIVE_COMPILATION_CONDITIONS = DEBUG;
				SWIFT_OPTIMIZATION_LEVEL = "-Onone";
			};
			name = Debug;
		};
		4F2F0B5D6EA61B892E8BE33D /* Release */ = {
			isa = XCBuildConfiguration;
			buildSettings = {
				ALLOW_TARGET_PLATFORM_SPECIALIZATION = YES;
				ALWAYS_SEARCH_USER_PATHS = NO;
				BUILD_LIBRARY_FOR_DISTRIBUTION = YES;
				CLANG_ANALYZER_NONNULL = YES;
				CLANG_ANALYZER_NUMBER_OBJECT_CONVERSION = YES_AGGRESSIVE;
				CLANG_CXX_LANGUAGE_STANDARD = "gnu++20";
				CLANG_ENABLE_MODULES = YES;
				CLANG_ENABLE_OBJC_ARC = YES;
				CLANG_ENABLE_OBJC_WEAK = YES;
				CLANG_WARN_BLOCK_CAPTURE_AUTORELEASING = YES;
				CLANG_WARN_BOOL_CONVERSION = YES;
				CLANG_WARN_COMMA = YES;
				CLANG_WARN_CONSTANT_CONVERSION = YES;
				CLANG_WARN_DEPRECATED_OBJC_IMPLEMENTATIONS = YES;
				CLANG_WARN_DIRECT_OBJC_ISA_USAGE = YES_ERROR;
				CLANG_WARN_DOCUMENTATION_COMMENTS = YES;
				CLANG_WARN_EMPTY_BODY = YES;
				CLANG_WARN_ENUM_CONVERSION = YES;
				CLANG_WARN_INFINITE_RECURSION = YES;
				CLANG_WARN_INT_CONVERSION = YES;
				CLANG_WARN_NON_LITERAL_NULL_CONVERSION = YES;
				CLANG_WARN_OBJC_IMPLICIT_RETAIN_SELF = YES;
				CLANG_WARN_OBJC_LITERAL_CONVERSION = YES;
				CLANG_WARN_OBJC_ROOT_CLASS = YES_ERROR;
				CLANG_WARN_QUOTED_INCLUDE_IN_FRAMEWORK_HEADER = YES;
				CLANG_WARN_RANGE_LOOP_ANALYSIS = YES;
				CLANG_WARN_STRICT_PROTOTYPES = YES;
				CLANG_WARN_SUSPICIOUS_MOVE = YES;
				CLANG_WARN_UNGUARDED_AVAILABILITY = YES_AGGRESSIVE;
				CLANG_WARN_UNREACHABLE_CODE = YES;
				CLANG_WARN__DUPLICATE_METHOD_MATCH = YES;
				COPY_PHASE_STRIP = NO;
				DEBUG_INFORMATION_FORMAT = "dwarf-with-dsym";
				ENABLE_NS_ASSERTIONS = NO;
				ENABLE_STRICT_OBJC_MSGSEND = YES;
				GCC_C_LANGUAGE_STANDARD = gnu11;
				GCC_NO_COMMON_BLOCKS = YES;
				GCC_WARN_64_TO_32_BIT_CONVERSION = YES;
				GCC_WARN_ABOUT_RETURN_TYPE = YES_ERROR;
				GCC_WARN_UNDECLARED_SELECTOR = YES;
				GCC_WARN_UNINITIALIZED_AUTOS = YES_AGGRESSIVE;
				GCC_WARN_UNUSED_FUNCTION = YES;
				GCC_WARN_UNUSED_VARIABLE = YES;
				MTL_ENABLE_DEBUG_INFO = NO;
				MTL_FAST_MATH = YES;
				SWIFT_COMPILATION_MODE = wholemodule;
				SWIFT_OPTIMIZATION_LEVEL = "-O";
			};
			name = Release;
		};
		4F2F0F15503CCB4804228031 /* Debug */ = {
			isa = XCBuildConfiguration;
			buildSettings = {
				CURRENT_PROJECT_VERSION = 1;
				GENERATE_INFOPLIST_FILE = YES;
				IPHONEOS_DEPLOYMENT_TARGET = latest_iphoneos;
				MACOSX_DEPLOYMENT_TARGET = 13.4;
				MARKETING_VERSION = 1.0;
				PRODUCT_BUNDLE_IDENTIFIER = vn.baodh.StormWeaverTests;
				PRODUCT_NAME = "$(TARGET_NAME)";
				SDKROOT = macosx;
				SUPPORTED_PLATFORMS = "iphoneos iphonesimulator macosx";
				SWIFT_EMIT_LOC_STRINGS = NO;
				SWIFT_VERSION = 5.0;
				TARGETED_DEVICE_FAMILY = "1,2";
			};
			name = Debug;
		};
/* End XCBuildConfiguration section */

/* Begin XCConfigurationList section */
		4F2F018EBBC6C56904D56CAB /* Build configuration list for PBXNativeTarget "StormWeaverUITests" */ = {
			isa = XCConfigurationList;
			buildConfigurations = (
				4F2F00AB3C082173882BD80E /* Debug */,
				4F2F03CA471CF24CB7B2CFC8 /* Release */,
			);
			defaultConfigurationIsVisible = 0;
		};
		4F2F0A43A475F24CF347B873 /* Build configuration list for PBXProject "StormWeaver" */ = {
			isa = XCConfigurationList;
			buildConfigurations = (
				4F2F08B20B955CC83A59CDAA /* Debug */,
				4F2F0B5D6EA61B892E8BE33D /* Release */,
			);
			defaultConfigurationIsVisible = 0;
			defaultConfigurationName = Release;
		};
		4F2F0D69CDFB86F1D2BE7959 /* Build configuration list for PBXNativeTarget "StormWeaverTests" */ = {
			isa = XCConfigurationList;
			buildConfigurations = (
				4F2F0F15503CCB4804228031 /* Debug */,
				4F2F007B5F144EA841FBCD8F /* Release */,
			);
			defaultConfigurationIsVisible = 0;
		};
		4F2F0FAC65614FE658FF3851 /* Build configuration list for PBXNativeTarget "StormWeaver" */ = {
			isa = XCConfigurationList;
			buildConfigurations = (
				4F2F053D792443F0BFA34FB1 /* Debug */,
				4F2F0831BF04589C9EC54E8A /* Release */,
			);
			defaultConfigurationIsVisible = 0;
		};
/* End XCConfigurationList section */

/* Begin XCVersionGroup section */
		4F2F08E0B150A7578E556B14 /* StormWeaver.xcdatamodeld */ = {
			isa = XCVersionGroup;
			children = (
				4F2F0855158F74660879D0DC /* StormWeaver.xcdatamodel */,
			);
			currentVersion = 4F2F0855158F74660879D0DC /* StormWeaver.xcdatamodel */;
			path = StormWeaver.xcdatamodeld;
			sourceTree = "<group>";
			versionGroupType = wrapper.xcdatamodel;
		};
/* End XCVersionGroup section */
	};
	rootObject = 4F2F0FBF06B8092A8F1E33F8 /* Project object */;
}
